
Microsoft Visual Studio Solution File, Format Version 12.00
# Visual Studio Version 18
VisualStudioVersion = 18.0.11205.157 d18.0
MinimumVisualStudioVersion = 10.0.40219.1
Project("{FAE04EC0-301F-11D3-BF4B-00C04F79EFBC}") = "ClassLibrary1", "ClassLibrary1\ClassLibrary1.csproj", "{1ACD32BE-3A0B-483B-B30B-E8EBCD18E470}"
EndProject
Project("{FAE04EC0-301F-11D3-BF4B-00C04F79EFBC}") = "GenericDBGeneration", "GenericDBGeneration\GenericDBGeneration.csproj", "{E1E99EBC-BB90-4862-AA78-46365F6991EA}"
EndProject
Global
	GlobalSection(SolutionConfigurationPlatforms) = preSolution
		Debug|Any CPU = Debug|Any CPU
		Release|Any CPU = Release|Any CPU
	EndGlobalSection
	GlobalSection(ProjectConfigurationPlatforms) = postSolution
		{1ACD32BE-3A0B-483B-B30B-E8EBCD18E470}.Debug|Any CPU.ActiveCfg = Debug|Any CPU
		{1ACD32BE-3A0B-483B-B30B-E8EBCD18E470}.Debug|Any CPU.Build.0 = Debug|Any CPU
		{1ACD32BE-3A0B-483B-B30B-E8EBCD18E470}.Release|Any CPU.ActiveCfg = Release|Any CPU
		{1ACD32BE-3A0B-483B-B30B-E8EBCD18E470}.Release|Any CPU.Build.0 = Release|Any CPU
		{E1E99EBC-BB90-4862-AA78-46365F6991EA}.Debug|Any CPU.ActiveCfg = Debug|Any CPU
		{E1E99EBC-BB90-4862-AA78-46365F6991EA}.Debug|Any CPU.Build.0 = Debug|Any CPU
		{E1E99EBC-BB90-4862-AA78-46365F6991EA}.Release|Any CPU.ActiveCfg = Release|Any CPU
		{E1E99EBC-BB90-4862-AA78-46365F6991EA}.Release|Any CPU.Build.0 = Release|Any CPU
	EndGlobalSection
	GlobalSection(SolutionProperties) = preSolution
		HideSolutionNode = FALSE
	EndGlobalSection
	GlobalSection(ExtensibilityGlobals) = postSolution
		SolutionGuid = {4249391B-CDAF-4E1E-97A8-EE7271670CA8}
	EndGlobalSection
EndGlobal
